
Microsoft Visual Studio Solution File, Format Version 12.00
# Visual Studio Version 17
VisualStudioVersion = 17.3.32922.545
MinimumVisualStudioVersion = 10.0.40219.1
Project("{9A19103F-16F7-4668-BE54-9A1E7A4F7556}") = "SimpleWebApi", "SimpleWebApi.csproj", "{B16FACCE-B601-4A22-826C-88FC4607CB15}"
EndProject
Project("{FAE04EC0-301F-11D3-BF4B-00C04F79EFBC}") = "SimpleWebApi.Infrastructure.Database", "..\SimpleWebApi.Infrastructure.Database\SimpleWebApi.Infrastructure.Database.csproj", "{8E9A241B-60F4-4C73-AC1F-9058FE80498D}"
EndProject
Project("{FAE04EC0-301F-11D3-BF4B-00C04F79EFBC}") = "SimpleWebApi.Domain", "..\SimpleWebApi.Domain\SimpleWebApi.Domain.csproj", "{F965AE78-2561-40D9-9087-4238877AADBB}"
EndProject
Global
	GlobalSection(SolutionConfigurationPlatforms) = preSolution
		Debug|Any CPU = Debug|Any CPU
		Release|Any CPU = Release|Any CPU
	EndGlobalSection
	GlobalSection(ProjectConfigurationPlatforms) = postSolution
		{B16FACCE-B601-4A22-826C-88FC4607CB15}.Debug|Any CPU.ActiveCfg = Debug|Any CPU
		{B16FACCE-B601-4A22-826C-88FC4607CB15}.Debug|Any CPU.Build.0 = Debug|Any CPU
		{B16FACCE-B601-4A22-826C-88FC4607CB15}.Release|Any CPU.ActiveCfg = Release|Any CPU
		{B16FACCE-B601-4A22-826C-88FC4607CB15}.Release|Any CPU.Build.0 = Release|Any CPU
		{8E9A241B-60F4-4C73-AC1F-9058FE80498D}.Debug|Any CPU.ActiveCfg = Debug|Any CPU
		{8E9A241B-60F4-4C73-AC1F-9058FE80498D}.Debug|Any CPU.Build.0 = Debug|Any CPU
		{8E9A241B-60F4-4C73-AC1F-9058FE80498D}.Release|Any CPU.ActiveCfg = Release|Any CPU
		{8E9A241B-60F4-4C73-AC1F-9058FE80498D}.Release|Any CPU.Build.0 = Release|Any CPU
		{F965AE78-2561-40D9-9087-4238877AADBB}.Debug|Any CPU.ActiveCfg = Debug|Any CPU
		{F965AE78-2561-40D9-9087-4238877AADBB}.Debug|Any CPU.Build.0 = Debug|Any CPU
		{F965AE78-2561-40D9-9087-4238877AADBB}.Release|Any CPU.ActiveCfg = Release|Any CPU
		{F965AE78-2561-40D9-9087-4238877AADBB}.Release|Any CPU.Build.0 = Release|Any CPU
	EndGlobalSection
	GlobalSection(SolutionProperties) = preSolution
		HideSolutionNode = FALSE
	EndGlobalSection
	GlobalSection(ExtensibilityGlobals) = postSolution
		SolutionGuid = {1CA8D8FD-90EF-4D5F-BF05-B181E4CF268F}
	EndGlobalSection
EndGlobal
